// !$*UTF8*$!
{
	archiveVersion = 1;
	classes = {
	};
	objectVersion = 46;
	objects = {

/* Begin PBXBuildFile section */
		3A87DBDB4064EB9922DA2F2A /* libPods-ParseSDK.a in Frameworks */ = {isa = PBXBuildFile; fileRef = A2CC4AF38702BE415495C840 /* libPods-ParseSDK.a */; };
		7809DA4B1BF249A20078CBB0 /* Objective-Bridge.m in Sources */ = {isa = PBXBuildFile; fileRef = 7809DA4A1BF249A20078CBB0 /* Objective-Bridge.m */; };
		789D0EEB1BF2459D00BB5490 /* AppDelegate.swift in Sources */ = {isa = PBXBuildFile; fileRef = 789D0EEA1BF2459D00BB5490 /* AppDelegate.swift */; };
		789D0EED1BF2459D00BB5490 /* ViewController.swift in Sources */ = {isa = PBXBuildFile; fileRef = 789D0EEC1BF2459D00BB5490 /* ViewController.swift */; };
		789D0EF01BF2459D00BB5490 /* Main.storyboard in Resources */ = {isa = PBXBuildFile; fileRef = 789D0EEE1BF2459D00BB5490 /* Main.storyboard */; };
		789D0EF21BF2459D00BB5490 /* Assets.xcassets in Resources */ = {isa = PBXBuildFile; fileRef = 789D0EF11BF2459D00BB5490 /* Assets.xcassets */; };
		789D0EF51BF2459D00BB5490 /* LaunchScreen.storyboard in Resources */ = {isa = PBXBuildFile; fileRef = 789D0EF31BF2459D00BB5490 /* LaunchScreen.storyboard */; };
		789D0F001BF2459D00BB5490 /* ParseSDKTests.swift in Sources */ = {isa = PBXBuildFile; fileRef = 789D0EFF1BF2459D00BB5490 /* ParseSDKTests.swift */; };
		789D0F0B1BF2459D00BB5490 /* ParseSDKUITests.swift in Sources */ = {isa = PBXBuildFile; fileRef = 789D0F0A1BF2459D00BB5490 /* ParseSDKUITests.swift */; };
/* End PBXBuildFile section */

/* Begin PBXContainerItemProxy section */
		789D0EFC1BF2459D00BB5490 /* PBXContainerItemProxy */ = {
			isa = PBXContainerItemProxy;
			containerPortal = 789D0EDF1BF2459D00BB5490 /* Project object */;
			proxyType = 1;
			remoteGlobalIDString = 789D0EE61BF2459D00BB5490;
			remoteInfo = ParseSDK;
		};
		789D0F071BF2459D00BB5490 /* PBXContainerItemProxy */ = {
			isa = PBXContainerItemProxy;
			containerPortal = 789D0EDF1BF2459D00BB5490 /* Project object */;
			proxyType = 1;
			remoteGlobalIDString = 789D0EE61BF2459D00BB5490;
			remoteInfo = ParseSDK;
		};
/* End PBXContainerItemProxy section */

/* Begin PBXFileReference section */
		7809DA481BF249A20078CBB0 /* ParseSDK-Bridging-Header.h */ = {isa = PBXFileReference; lastKnownFileType = sourcecode.c.h; path = "ParseSDK-Bridging-Header.h"; sourceTree = "<group>"; };
		7809DA491BF249A20078CBB0 /* Objective-Bridge.h */ = {isa = PBXFileReference; fileEncoding = 4; lastKnownFileType = sourcecode.c.h; path = "Objective-Bridge.h"; sourceTree = "<group>"; };
		7809DA4A1BF249A20078CBB0 /* Objective-Bridge.m */ = {isa = PBXFileReference; fileEncoding = 4; lastKnownFileType = sourcecode.c.objc; path = "Objective-Bridge.m"; sourceTree = "<group>"; };
		789D0EE71BF2459D00BB5490 /* ParseSDK.app */ = {isa = PBXFileReference; explicitFileType = wrapper.application; includeInIndex = 0; path = ParseSDK.app; sourceTree = BUILT_PRODUCTS_DIR; };
		789D0EEA1BF2459D00BB5490 /* AppDelegate.swift */ = {isa = PBXFileReference; lastKnownFileType = sourcecode.swift; path = AppDelegate.swift; sourceTree = "<group>"; };
		789D0EEC1BF2459D00BB5490 /* ViewController.swift */ = {isa = PBXFileReference; lastKnownFileType = sourcecode.swift; path = ViewController.swift; sourceTree = "<group>"; };
		789D0EEF1BF2459D00BB5490 /* Base */ = {isa = PBXFileReference; lastKnownFileType = file.storyboard; name = Base; path = Base.lproj/Main.storyboard; sourceTree = "<group>"; };
		789D0EF11BF2459D00BB5490 /* Assets.xcassets */ = {isa = PBXFileReference; lastKnownFileType = folder.assetcatalog; path = Assets.xcassets; sourceTree = "<group>"; };
		789D0EF41BF2459D00BB5490 /* Base */ = {isa = PBXFileReference; lastKnownFileType = file.storyboard; name = Base; path = Base.lproj/LaunchScreen.storyboard; sourceTree = "<group>"; };
		789D0EF61BF2459D00BB5490 /* Info.plist */ = {isa = PBXFileReference; lastKnownFileType = text.plist.xml; path = Info.plist; sourceTree = "<group>"; };
		789D0EFB1BF2459D00BB5490 /* ParseSDKTests.xctest */ = {isa = PBXFileReference; explicitFileType = wrapper.cfbundle; includeInIndex = 0; path = ParseSDKTests.xctest; sourceTree = BUILT_PRODUCTS_DIR; };
		789D0EFF1BF2459D00BB5490 /* ParseSDKTests.swift */ = {isa = PBXFileReference; lastKnownFileType = sourcecode.swift; path = ParseSDKTests.swift; sourceTree = "<group>"; };
		789D0F011BF2459D00BB5490 /* Info.plist */ = {isa = PBXFileReference; lastKnownFileType = text.plist.xml; path = Info.plist; sourceTree = "<group>"; };
		789D0F061BF2459D00BB5490 /* ParseSDKUITests.xctest */ = {isa = PBXFileReference; explicitFileType = wrapper.cfbundle; includeInIndex = 0; path = ParseSDKUITests.xctest; sourceTree = BUILT_PRODUCTS_DIR; };
		789D0F0A1BF2459D00BB5490 /* ParseSDKUITests.swift */ = {isa = PBXFileReference; lastKnownFileType = sourcecode.swift; path = ParseSDKUITests.swift; sourceTree = "<group>"; };
		789D0F0C1BF2459D00BB5490 /* Info.plist */ = {isa = PBXFileReference; lastKnownFileType = text.plist.xml; path = Info.plist; sourceTree = "<group>"; };
		A2CC4AF38702BE415495C840 /* libPods-ParseSDK.a */ = {isa = PBXFileReference; explicitFileType = archive.ar; includeInIndex = 0; path = "libPods-ParseSDK.a"; sourceTree = BUILT_PRODUCTS_DIR; };
		C2DBFCC8751B9D57908D30F6 /* Pods-ParseSDK.release.xcconfig */ = {isa = PBXFileReference; includeInIndex = 1; lastKnownFileType = text.xcconfig; name = "Pods-ParseSDK.release.xcconfig"; path = "Pods/Target Support Files/Pods-ParseSDK/Pods-ParseSDK.release.xcconfig"; sourceTree = "<group>"; };
		F5E9B601DDC90387EFDBCAF5 /* Pods-ParseSDK.debug.xcconfig */ = {isa = PBXFileReference; includeInIndex = 1; lastKnownFileType = text.xcconfig; name = "Pods-ParseSDK.debug.xcconfig"; path = "Pods/Target Support Files/Pods-ParseSDK/Pods-ParseSDK.debug.xcconfig"; sourceTree = "<group>"; };
/* End PBXFileReference section */

/* Begin PBXFrameworksBuildPhase section */
		789D0EE41BF2459D00BB5490 /* Frameworks */ = {
			isa = PBXFrameworksBuildPhase;
			buildActionMask = 2147483647;
			files = (
				3A87DBDB4064EB9922DA2F2A /* libPods-ParseSDK.a in Frameworks */,
			);
			runOnlyForDeploymentPostprocessing = 0;
		};
		789D0EF81BF2459D00BB5490 /* Frameworks */ = {
			isa = PBXFrameworksBuildPhase;
			buildActionMask = 2147483647;
			files = (
			);
			runOnlyForDeploymentPostprocessing = 0;
		};
		789D0F031BF2459D00BB5490 /* Frameworks */ = {
			isa = PBXFrameworksBuildPhase;
			buildActionMask = 2147483647;
			files = (
			);
			runOnlyForDeploymentPostprocessing = 0;
		};
/* End PBXFrameworksBuildPhase section */

/* Begin PBXGroup section */
		2302C01C5CC591970E525B38 /* Frameworks */ = {
			isa = PBXGroup;
			children = (
				A2CC4AF38702BE415495C840 /* libPods-ParseSDK.a */,
			);
			name = Frameworks;
			sourceTree = "<group>";
		};
		789D0EDE1BF2459D00BB5490 = {
			isa = PBXGroup;
			children = (
				789D0EE91BF2459D00BB5490 /* ParseSDK */,
				789D0EFE1BF2459D00BB5490 /* ParseSDKTests */,
				789D0F091BF2459D00BB5490 /* ParseSDKUITests */,
				789D0EE81BF2459D00BB5490 /* Products */,
				D04312EDEFB04D08532F3638 /* Pods */,
				2302C01C5CC591970E525B38 /* Frameworks */,
			);
			sourceTree = "<group>";
		};
		789D0EE81BF2459D00BB5490 /* Products */ = {
			isa = PBXGroup;
			children = (
				789D0EE71BF2459D00BB5490 /* ParseSDK.app */,
				789D0EFB1BF2459D00BB5490 /* ParseSDKTests.xctest */,
				789D0F061BF2459D00BB5490 /* ParseSDKUITests.xctest */,
			);
			name = Products;
			sourceTree = "<group>";
		};
		789D0EE91BF2459D00BB5490 /* ParseSDK */ = {
			isa = PBXGroup;
			children = (
				789D0EEA1BF2459D00BB5490 /* AppDelegate.swift */,
				7809DA491BF249A20078CBB0 /* Objective-Bridge.h */,
				7809DA4A1BF249A20078CBB0 /* Objective-Bridge.m */,
				789D0EEC1BF2459D00BB5490 /* ViewController.swift */,
				789D0EEE1BF2459D00BB5490 /* Main.storyboard */,
				789D0EF11BF2459D00BB5490 /* Assets.xcassets */,
				789D0EF31BF2459D00BB5490 /* LaunchScreen.storyboard */,
				789D0EF61BF2459D00BB5490 /* Info.plist */,
				7809DA481BF249A20078CBB0 /* ParseSDK-Bridging-Header.h */,
			);
			path = ParseSDK;
			sourceTree = "<group>";
		};
		789D0EFE1BF2459D00BB5490 /* ParseSDKTests */ = {
			isa = PBXGroup;
			children = (
				789D0EFF1BF2459D00BB5490 /* ParseSDKTests.swift */,
				789D0F011BF2459D00BB5490 /* Info.plist */,
			);
			path = ParseSDKTests;
			sourceTree = "<group>";
		};
		789D0F091BF2459D00BB5490 /* ParseSDKUITests */ = {
			isa = PBXGroup;
			children = (
				789D0F0A1BF2459D00BB5490 /* ParseSDKUITests.swift */,
				789D0F0C1BF2459D00BB5490 /* Info.plist */,
			);
			path = ParseSDKUITests;
			sourceTree = "<group>";
		};
		D04312EDEFB04D08532F3638 /* Pods */ = {
			isa = PBXGroup;
			children = (
				F5E9B601DDC90387EFDBCAF5 /* Pods-ParseSDK.debug.xcconfig */,
				C2DBFCC8751B9D57908D30F6 /* Pods-ParseSDK.release.xcconfig */,
			);
			name = Pods;
			sourceTree = "<group>";
		};
/* End PBXGroup section */

/* Begin PBXNativeTarget section */
		789D0EE61BF2459D00BB5490 /* ParseSDK */ = {
			isa = PBXNativeTarget;
			buildConfigurationList = 789D0F0F1BF2459D00BB5490 /* Build configuration list for PBXNativeTarget "ParseSDK" */;
			buildPhases = (
				C722AC9AFD524D55D1D95F7D /* Check Pods Manifest.lock */,
				789D0EE31BF2459D00BB5490 /* Sources */,
				789D0EE41BF2459D00BB5490 /* Frameworks */,
				789D0EE51BF2459D00BB5490 /* Resources */,
				8EE4742E88DD7E6C693DBDE9 /* Embed Pods Frameworks */,
				BDB407F10AE8C5AFBD9C7F15 /* Copy Pods Resources */,
			);
			buildRules = (
			);
			dependencies = (
			);
			name = ParseSDK;
			productName = ParseSDK;
			productReference = 789D0EE71BF2459D00BB5490 /* ParseSDK.app */;
			productType = "com.apple.product-type.application";
		};
		789D0EFA1BF2459D00BB5490 /* ParseSDKTests */ = {
			isa = PBXNativeTarget;
			buildConfigurationList = 789D0F121BF2459D00BB5490 /* Build configuration list for PBXNativeTarget "ParseSDKTests" */;
			buildPhases = (
				789D0EF71BF2459D00BB5490 /* Sources */,
				789D0EF81BF2459D00BB5490 /* Frameworks */,
				789D0EF91BF2459D00BB5490 /* Resources */,
			);
			buildRules = (
			);
			dependencies = (
				789D0EFD1BF2459D00BB5490 /* PBXTargetDependency */,
			);
			name = ParseSDKTests;
			productName = ParseSDKTests;
			productReference = 789D0EFB1BF2459D00BB5490 /* ParseSDKTests.xctest */;
			productType = "com.apple.product-type.bundle.unit-test";
		};
		789D0F051BF2459D00BB5490 /* ParseSDKUITests */ = {
			isa = PBXNativeTarget;
			buildConfigurationList = 789D0F151BF2459D00BB5490 /* Build configuration list for PBXNativeTarget "ParseSDKUITests" */;
			buildPhases = (
				789D0F021BF2459D00BB5490 /* Sources */,
				789D0F031BF2459D00BB5490 /* Frameworks */,
				789D0F041BF2459D00BB5490 /* Resources */,
			);
			buildRules = (
			);
			dependencies = (
				789D0F081BF2459D00BB5490 /* PBXTargetDependency */,
			);
			name = ParseSDKUITests;
			productName = ParseSDKUITests;
			productReference = 789D0F061BF2459D00BB5490 /* ParseSDKUITests.xctest */;
			productType = "com.apple.product-type.bundle.ui-testing";
		};
/* End PBXNativeTarget section */

/* Begin PBXProject section */
		789D0EDF1BF2459D00BB5490 /* Project object */ = {
			isa = PBXProject;
			attributes = {
				LastSwiftUpdateCheck = 0710;
				LastUpgradeCheck = 0710;
				ORGANIZATIONNAME = KBryan;
				TargetAttributes = {
					789D0EE61BF2459D00BB5490 = {
						CreatedOnToolsVersion = 7.1;
					};
					789D0EFA1BF2459D00BB5490 = {
						CreatedOnToolsVersion = 7.1;
						TestTargetID = 789D0EE61BF2459D00BB5490;
					};
					789D0F051BF2459D00BB5490 = {
						CreatedOnToolsVersion = 7.1;
						TestTargetID = 789D0EE61BF2459D00BB5490;
					};
				};
			};
			buildConfigurationList = 789D0EE21BF2459D00BB5490 /* Build configuration list for PBXProject "ParseSDK" */;
			compatibilityVersion = "Xcode 3.2";
			developmentRegion = English;
			hasScannedForEncodings = 0;
			knownRegions = (
				en,
				Base,
			);
			mainGroup = 789D0EDE1BF2459D00BB5490;
			productRefGroup = 789D0EE81BF2459D00BB5490 /* Products */;
			projectDirPath = "";
			projectRoot = "";
			targets = (
				789D0EE61BF2459D00BB5490 /* ParseSDK */,
				789D0EFA1BF2459D00BB5490 /* ParseSDKTests */,
				789D0F051BF2459D00BB5490 /* ParseSDKUITests */,
			);
		};
/* End PBXProject section */

/* Begin PBXResourcesBuildPhase section */
		789D0EE51BF2459D00BB5490 /* Resources */ = {
			isa = PBXResourcesBuildPhase;
			buildActionMask = 2147483647;
			files = (
				789D0EF51BF2459D00BB5490 /* LaunchScreen.storyboard in Resources */,
				789D0EF21BF2459D00BB5490 /* Assets.xcassets in Resources */,
				789D0EF01BF2459D00BB5490 /* Main.storyboard in Resources */,
			);
			runOnlyForDeploymentPostprocessing = 0;
		};
		789D0EF91BF2459D00BB5490 /* Resources */ = {
			isa = PBXResourcesBuildPhase;
			buildActionMask = 2147483647;
			files = (
			);
			runOnlyForDeploymentPostprocessing = 0;
		};
		789D0F041BF2459D00BB5490 /* Resources */ = {
			isa = PBXResourcesBuildPhase;
			buildActionMask = 2147483647;
			files = (
			);
			runOnlyForDeploymentPostprocessing = 0;
		};
/* End PBXResourcesBuildPhase section */

/* Begin PBXShellScriptBuildPhase section */
		8EE4742E88DD7E6C693DBDE9 /* Embed Pods Frameworks */ = {
			isa = PBXShellScriptBuildPhase;
			buildActionMask = 2147483647;
			files = (
			);
			inputPaths = (
			);
			name = "Embed Pods Frameworks";
			outputPaths = (
			);
			runOnlyForDeploymentPostprocessing = 0;
			shellPath = /bin/sh;
			shellScript = "\"${SRCROOT}/Pods/Target Support Files/Pods-ParseSDK/Pods-ParseSDK-frameworks.sh\"\n";
			showEnvVarsInLog = 0;
		};
		BDB407F10AE8C5AFBD9C7F15 /* Copy Pods Resources */ = {
			isa = PBXShellScriptBuildPhase;
			buildActionMask = 2147483647;
			files = (
			);
			inputPaths = (
			);
			name = "Copy Pods Resources";
			outputPaths = (
			);
			runOnlyForDeploymentPostprocessing = 0;
			shellPath = /bin/sh;
			shellScript = "\"${SRCROOT}/Pods/Target Support Files/Pods-ParseSDK/Pods-ParseSDK-resources.sh\"\n";
			showEnvVarsInLog = 0;
		};
		C722AC9AFD524D55D1D95F7D /* Check Pods Manifest.lock */ = {
			isa = PBXShellScriptBuildPhase;
			buildActionMask = 2147483647;
			files = (
			);
			inputPaths = (
			);
			name = "Check Pods Manifest.lock";
			outputPaths = (
			);
			runOnlyForDeploymentPostprocessing = 0;
			shellPath = /bin/sh;
			shellScript = "diff \"${PODS_ROOT}/../Podfile.lock\" \"${PODS_ROOT}/Manifest.lock\" > /dev/null\nif [[ $? != 0 ]] ; then\n    cat << EOM\nerror: The sandbox is not in sync with the Podfile.lock. Run 'pod install' or update your CocoaPods installation.\nEOM\n    exit 1\nfi\n";
			showEnvVarsInLog = 0;
		};
/* End PBXShellScriptBuildPhase section */

/* Begin PBXSourcesBuildPhase section */
		789D0EE31BF2459D00BB5490 /* Sources */ = {
			isa = PBXSourcesBuildPhase;
			buildActionMask = 2147483647;
			files = (
				7809DA4B1BF249A20078CBB0 /* Objective-Bridge.m in Sources */,
				789D0EED1BF2459D00BB5490 /* ViewController.swift in Sources */,
				789D0EEB1BF2459D00BB5490 /* AppDelegate.swift in Sources */,
			);
			runOnlyForDeploymentPostprocessing = 0;
		};
		789D0EF71BF2459D00BB5490 /* Sources */ = {
			isa = PBXSourcesBuildPhase;
			buildActionMask = 2147483647;
			files = (
				789D0F001BF2459D00BB5490 /* ParseSDKTests.swift in Sources */,
			);
			runOnlyForDeploymentPostprocessing = 0;
		};
		789D0F021BF2459D00BB5490 /* Sources */ = {
			isa = PBXSourcesBuildPhase;
			buildActionMask = 2147483647;
			files = (
				789D0F0B1BF2459D00BB5490 /* ParseSDKUITests.swift in Sources */,
			);
			runOnlyForDeploymentPostprocessing = 0;
		};
/* End PBXSourcesBuildPhase section */

/* Begin PBXTargetDependency section */
		789D0EFD1BF2459D00BB5490 /* PBXTargetDependency */ = {
			isa = PBXTargetDependency;
			target = 789D0EE61BF2459D00BB5490 /* ParseSDK */;
			targetProxy = 789D0EFC1BF2459D00BB5490 /* PBXContainerItemProxy */;
		};
		789D0F081BF2459D00BB5490 /* PBXTargetDependency */ = {
			isa = PBXTargetDependency;
			target = 789D0EE61BF2459D00BB5490 /* ParseSDK */;
			targetProxy = 789D0F071BF2459D00BB5490 /* PBXContainerItemProxy */;
		};
/* End PBXTargetDependency section */

/* Begin PBXVariantGroup section */
		789D0EEE1BF2459D00BB5490 /* Main.storyboard */ = {
			isa = PBXVariantGroup;
			children = (
				789D0EEF1BF2459D00BB5490 /* Base */,
			);
			name = Main.storyboard;
			sourceTree = "<group>";
		};
		789D0EF31BF2459D00BB5490 /* LaunchScreen.storyboard */ = {
			isa = PBXVariantGroup;
			children = (
				789D0EF41BF2459D00BB5490 /* Base */,
			);
			name = LaunchScreen.storyboard;
			sourceTree = "<group>";
		};
/* End PBXVariantGroup section */

/* Begin XCBuildConfiguration section */
		789D0F0D1BF2459D00BB5490 /* Debug */ = {
			isa = XCBuildConfiguration;
			buildSettings = {
				ALWAYS_SEARCH_USER_PATHS = NO;
				CLANG_CXX_LANGUAGE_STANDARD = "gnu++0x";
				CLANG_CXX_LIBRARY = "libc++";
				CLANG_ENABLE_MODULES = YES;
				CLANG_ENABLE_OBJC_ARC = YES;
				CLANG_WARN_BOOL_CONVERSION = YES;
				CLANG_WARN_CONSTANT_CONVERSION = YES;
				CLANG_WARN_DIRECT_OBJC_ISA_USAGE = YES_ERROR;
				CLANG_WARN_EMPTY_BODY = YES;
				CLANG_WARN_ENUM_CONVERSION = YES;
				CLANG_WARN_INT_CONVERSION = YES;
				CLANG_WARN_OBJC_ROOT_CLASS = YES_ERROR;
				CLANG_WARN_UNREACHABLE_CODE = YES;
				CLANG_WARN__DUPLICATE_METHOD_MATCH = YES;
				"CODE_SIGN_IDENTITY[sdk=iphoneos*]" = "iPhone Developer";
				COPY_PHASE_STRIP = NO;
				DEBUG_INFORMATION_FORMAT = dwarf;
				ENABLE_STRICT_OBJC_MSGSEND = YES;
				ENABLE_TESTABILITY = YES;
				GCC_C_LANGUAGE_STANDARD = gnu99;
				GCC_DYNAMIC_NO_PIC = NO;
				GCC_NO_COMMON_BLOCKS = YES;
				GCC_OPTIMIZATION_LEVEL = 0;
				GCC_PREPROCESSOR_DEFINITIONS = (
					"DEBUG=1",
					"$(inherited)",
				);
				GCC_WARN_64_TO_32_BIT_CONVERSION = YES;
				GCC_WARN_ABOUT_RETURN_TYPE = YES_ERROR;
				GCC_WARN_UNDECLARED_SELECTOR = YES;
				GCC_WARN_UNINITIALIZED_AUTOS = YES_AGGRESSIVE;
				GCC_WARN_UNUSED_FUNCTION = YES;
				GCC_WARN_UNUSED_VARIABLE = YES;
				IPHONEOS_DEPLOYMENT_TARGET = 9.1;
				MTL_ENABLE_DEBUG_INFO = YES;
				ONLY_ACTIVE_ARCH = YES;
				SDKROOT = iphoneos;
				SWIFT_OPTIMIZATION_LEVEL = "-Onone";
				TARGETED_DEVICE_FAMILY = "1,2";
			};
			name = Debug;
		};
		789D0F0E1BF2459D00BB5490 /* Release */ = {
			isa = XCBuildConfiguration;
			buildSettings = {
				ALWAYS_SEARCH_USER_PATHS = NO;
				CLANG_CXX_LANGUAGE_STANDARD = "gnu++0x";
				CLANG_CXX_LIBRARY = "libc++";
				CLANG_ENABLE_MODULES = YES;
				CLANG_ENABLE_OBJC_ARC = YES;
				CLANG_WARN_BOOL_CONVERSION = YES;
				CLANG_WARN_CONSTANT_CONVERSION = YES;
				CLANG_WARN_DIRECT_OBJC_ISA_USAGE = YES_ERROR;
				CLANG_WARN_EMPTY_BODY = YES;
				CLANG_WARN_ENUM_CONVERSION = YES;
				CLANG_WARN_INT_CONVERSION = YES;
				CLANG_WARN_OBJC_ROOT_CLASS = YES_ERROR;
				CLANG_WARN_UNREACHABLE_CODE = YES;
				CLANG_WARN__DUPLICATE_METHOD_MATCH = YES;
				"CODE_SIGN_IDENTITY[sdk=iphoneos*]" = "iPhone Developer";
				COPY_PHASE_STRIP = NO;
				DEBUG_INFORMATION_FORMAT = "dwarf-with-dsym";
				ENABLE_NS_ASSERTIONS = NO;
				ENABLE_STRICT_OBJC_MSGSEND = YES;
				GCC_C_LANGUAGE_STANDARD = gnu99;
				GCC_NO_COMMON_BLOCKS = YES;
				GCC_WARN_64_TO_32_BIT_CONVERSION = YES;
				GCC_WARN_ABOUT_RETURN_TYPE = YES_ERROR;
				GCC_WARN_UNDECLARED_SELECTOR = YES;
				GCC_WARN_UNINITIALIZED_AUTOS = YES_AGGRESSIVE;
				GCC_WARN_UNUSED_FUNCTION = YES;
				GCC_WARN_UNUSED_VARIABLE = YES;
				IPHONEOS_DEPLOYMENT_TARGET = 9.1;
				MTL_ENABLE_DEBUG_INFO = NO;
				SDKROOT = iphoneos;
				TARGETED_DEVICE_FAMILY = "1,2";
				VALIDATE_PRODUCT = YES;
			};
			name = Release;
		};
		789D0F101BF2459D00BB5490 /* Debug */ = {
			isa = XCBuildConfiguration;
			baseConfigurationReference = F5E9B601DDC90387EFDBCAF5 /* Pods-ParseSDK.debug.xcconfig */;
			buildSettings = {
				ASSETCATALOG_COMPILER_APPICON_NAME = AppIcon;
				CLANG_ENABLE_MODULES = YES;
				INFOPLIST_FILE = ParseSDK/Info.plist;
				LD_RUNPATH_SEARCH_PATHS = "$(inherited) @executable_path/Frameworks";
				PRODUCT_BUNDLE_IDENTIFIER = com.3einteractive.ParseSDK;
				PRODUCT_NAME = "$(TARGET_NAME)";
				SWIFT_OBJC_BRIDGING_HEADER = "ParseSDK/ParseSDK-Bridging-Header.h";
				SWIFT_OPTIMIZATION_LEVEL = "-Onone";
			};
			name = Debug;
		};
		789D0F111BF2459D00BB5490 /* Release */ = {
			isa = XCBuildConfiguration;
			baseConfigurationReference = C2DBFCC8751B9D57908D30F6 /* Pods-ParseSDK.release.xcconfig */;
			buildSettings = {
				ASSETCATALOG_COMPILER_APPICON_NAME = AppIcon;
				CLANG_ENABLE_MODULES = YES;
				INFOPLIST_FILE = ParseSDK/Info.plist;
				LD_RUNPATH_SEARCH_PATHS = "$(inherited) @executable_path/Frameworks";
				PRODUCT_BUNDLE_IDENTIFIER = com.3einteractive.ParseSDK;
				PRODUCT_NAME = "$(TARGET_NAME)";
				SWIFT_OBJC_BRIDGING_HEADER = "ParseSDK/ParseSDK-Bridging-Header.h";
			};
			name = Release;
		};
		789D0F131BF2459D00BB5490 /* Debug */ = {
			isa = XCBuildConfiguration;
			buildSettings = {
				BUNDLE_LOADER = "$(TEST_HOST)";
				INFOPLIST_FILE = ParseSDKTests/Info.plist;
				LD_RUNPATH_SEARCH_PATHS = "$(inherited) @executable_path/Frameworks @loader_path/Frameworks";
				PRODUCT_BUNDLE_IDENTIFIER = com.3einteractive.ParseSDKTests;
				PRODUCT_NAME = "$(TARGET_NAME)";
				TEST_HOST = "$(BUILT_PRODUCTS_DIR)/ParseSDK.app/ParseSDK";
			};
			name = Debug;
		};
		789D0F141BF2459D00BB5490 /* Release */ = {
			isa = XCBuildConfiguration;
			buildSettings = {
				BUNDLE_LOADER = "$(TEST_HOST)";
				INFOPLIST_FILE = ParseSDKTests/Info.plist;
				LD_RUNPATH_SEARCH_PATHS = "$(inherited) @executable_path/Frameworks @loader_path/Frameworks";
				PRODUCT_BUNDLE_IDENTIFIER = com.3einteractive.ParseSDKTests;
				PRODUCT_NAME = "$(TARGET_NAME)";
				TEST_HOST = "$(BUILT_PRODUCTS_DIR)/ParseSDK.app/ParseSDK";
			};
			name = Release;
		};
		789D0F161BF2459D00BB5490 /* Debug */ = {
			isa = XCBuildConfiguration;
			buildSettings = {
				INFOPLIST_FILE = ParseSDKUITests/Info.plist;
				LD_RUNPATH_SEARCH_PATHS = "$(inherited) @executable_path/Frameworks @loader_path/Frameworks";
				PRODUCT_BUNDLE_IDENTIFIER = com.3einteractive.ParseSDKUITests;
				PRODUCT_NAME = "$(TARGET_NAME)";
				TEST_TARGET_NAME = ParseSDK;
				USES_XCTRUNNER = YES;
			};
			name = Debug;
		};
		789D0F171BF2459D00BB5490 /* Release */ = {
			isa = XCBuildConfiguration;
			buildSettings = {
				INFOPLIST_FILE = ParseSDKUITests/Info.plist;
				LD_RUNPATH_SEARCH_PATHS = "$(inherited) @executable_path/Frameworks @loader_path/Frameworks";
				PRODUCT_BUNDLE_IDENTIFIER = com.3einteractive.ParseSDKUITests;
				PRODUCT_NAME = "$(TARGET_NAME)";
				TEST_TARGET_NAME = ParseSDK;
				USES_XCTRUNNER = YES;
			};
			name = Release;
		};
/* End XCBuildConfiguration section */

/* Begin XCConfigurationList section */
		789D0EE21BF2459D00BB5490 /* Build configuration list for PBXProject "ParseSDK" */ = {
			isa = XCConfigurationList;
			buildConfigurations = (
				789D0F0D1BF2459D00BB5490 /* Debug */,
				789D0F0E1BF2459D00BB5490 /* Release */,
			);
			defaultConfigurationIsVisible = 0;
			defaultConfigurationName = Release;
		};
		789D0F0F1BF2459D00BB5490 /* Build configuration list for PBXNativeTarget "ParseSDK" */ = {
			isa = XCConfigurationList;
			buildConfigurations = (
				789D0F101BF2459D00BB5490 /* Debug */,
				789D0F111BF2459D00BB5490 /* Release */,
			);
			defaultConfigurationIsVisible = 0;
			defaultConfigurationName = Release;
		};
		789D0F121BF2459D00BB5490 /* Build configuration list for PBXNativeTarget "ParseSDKTests" */ = {
			isa = XCConfigurationList;
			buildConfigurations = (
				789D0F131BF2459D00BB5490 /* Debug */,
				789D0F141BF2459D00BB5490 /* Release */,
			);
			defaultConfigurationIsVisible = 0;
			defaultConfigurationName = Release;
		};
		789D0F151BF2459D00BB5490 /* Build configuration list for PBXNativeTarget "ParseSDKUITests" */ = {
			isa = XCConfigurationList;
			buildConfigurations = (
				789D0F161BF2459D00BB5490 /* Debug */,
				789D0F171BF2459D00BB5490 /* Release */,
			);
			defaultConfigurationIsVisible = 0;
			defaultConfigurationName = Release;
		};
/* End XCConfigurationList section */
	};
	rootObject = 789D0EDF1BF2459D00BB5490 /* Project object */;
}
